// !$*UTF8*$!
{
	archiveVersion = 1;
	classes = {
	};
	objectVersion = 56;
	objects = {

/* Begin PBXBuildFile section */
		37890F46299F8249002FB3AA /* AppDelegate.swift in Sources */ = {isa = PBXBuildFile; fileRef = 37890F45299F8249002FB3AA /* AppDelegate.swift */; };
		37890F48299F8249002FB3AA /* SceneDelegate.swift in Sources */ = {isa = PBXBuildFile; fileRef = 37890F47299F8249002FB3AA /* SceneDelegate.swift */; };
		37890F52299F824B002FB3AA /* Assets.xcassets in Resources */ = {isa = PBXBuildFile; fileRef = 37890F51299F824B002FB3AA /* Assets.xcassets */; };
		37890F55299F824B002FB3AA /* LaunchScreen.storyboard in Resources */ = {isa = PBXBuildFile; fileRef = 37890F53299F824B002FB3AA /* LaunchScreen.storyboard */; };
		37890F5D299F8408002FB3AA /* WeatherViewController.swift in Sources */ = {isa = PBXBuildFile; fileRef = 37890F5C299F8408002FB3AA /* WeatherViewController.swift */; };
		37890F67299FBD03002FB3AA /* WeatherView.swift in Sources */ = {isa = PBXBuildFile; fileRef = 37890F66299FBD03002FB3AA /* WeatherView.swift */; };
		37890F69299FBD1E002FB3AA /* WeatherPresenter.swift in Sources */ = {isa = PBXBuildFile; fileRef = 37890F68299FBD1E002FB3AA /* WeatherPresenter.swift */; };
		37890F6B299FBD29002FB3AA /* DefaultWeatherModel.swift in Sources */ = {isa = PBXBuildFile; fileRef = 37890F6A299FBD29002FB3AA /* DefaultWeatherModel.swift */; };
		37890F6D299FBDBB002FB3AA /* LocationManager.swift in Sources */ = {isa = PBXBuildFile; fileRef = 37890F6C299FBDBB002FB3AA /* LocationManager.swift */; };
		37890F71299FBF2C002FB3AA /* FactoryManager.swift in Sources */ = {isa = PBXBuildFile; fileRef = 37890F70299FBF2C002FB3AA /* FactoryManager.swift */; };
		37890F76299FC783002FB3AA /* RequestRouter.swift in Sources */ = {isa = PBXBuildFile; fileRef = 37890F75299FC783002FB3AA /* RequestRouter.swift */; };
		37890F79299FC875002FB3AA /* Alamofire in Frameworks */ = {isa = PBXBuildFile; productRef = 37890F78299FC875002FB3AA /* Alamofire */; };
		37890F7B299FC96D002FB3AA /* WeatherRequestRouter.swift in Sources */ = {isa = PBXBuildFile; fileRef = 37890F7A299FC96D002FB3AA /* WeatherRequestRouter.swift */; };
		37890F7D299FCB88002FB3AA /* Constants.swift in Sources */ = {isa = PBXBuildFile; fileRef = 37890F7C299FCB88002FB3AA /* Constants.swift */; };
		37890F7F299FCE05002FB3AA /* RequestFactoryManager.swift in Sources */ = {isa = PBXBuildFile; fileRef = 37890F7E299FCE05002FB3AA /* RequestFactoryManager.swift */; };
		37890F82299FCE43002FB3AA /* WeatherRequestFactory.swift in Sources */ = {isa = PBXBuildFile; fileRef = 37890F81299FCE43002FB3AA /* WeatherRequestFactory.swift */; };
		37890F84299FCF03002FB3AA /* WeatherResponseModel.swift in Sources */ = {isa = PBXBuildFile; fileRef = 37890F83299FCF02002FB3AA /* WeatherResponseModel.swift */; };
		37890F87299FFF61002FB3AA /* SnapKit in Frameworks */ = {isa = PBXBuildFile; productRef = 37890F86299FFF61002FB3AA /* SnapKit */; };
		37890F8929A00126002FB3AA /* WeatherModel.swift in Sources */ = {isa = PBXBuildFile; fileRef = 37890F8829A00126002FB3AA /* WeatherModel.swift */; };
		37890F9529A029AA002FB3AA /* DateFormatterManager.swift in Sources */ = {isa = PBXBuildFile; fileRef = 37890F9429A029AA002FB3AA /* DateFormatterManager.swift */; };
		37890F9729A1636C002FB3AA /* Color.swift in Sources */ = {isa = PBXBuildFile; fileRef = 37890F9629A1636C002FB3AA /* Color.swift */; };
		37890F9C29A17E63002FB3AA /* CollectionViewLayout.swift in Sources */ = {isa = PBXBuildFile; fileRef = 37890F9B29A17E62002FB3AA /* CollectionViewLayout.swift */; };
		37890F9E29A17EAB002FB3AA /* SmallerWeatherCollectionViewCell.swift in Sources */ = {isa = PBXBuildFile; fileRef = 37890F9D29A17EAB002FB3AA /* SmallerWeatherCollectionViewCell.swift */; };
/* End PBXBuildFile section */

/* Begin PBXFileReference section */
		37890F42299F8249002FB3AA /* WeatherApp.app */ = {isa = PBXFileReference; explicitFileType = wrapper.application; includeInIndex = 0; path = WeatherApp.app; sourceTree = BUILT_PRODUCTS_DIR; };
		37890F45299F8249002FB3AA /* AppDelegate.swift */ = {isa = PBXFileReference; lastKnownFileType = sourcecode.swift; path = AppDelegate.swift; sourceTree = "<group>"; };
		37890F47299F8249002FB3AA /* SceneDelegate.swift */ = {isa = PBXFileReference; lastKnownFileType = sourcecode.swift; path = SceneDelegate.swift; sourceTree = "<group>"; };
		37890F51299F824B002FB3AA /* Assets.xcassets */ = {isa = PBXFileReference; lastKnownFileType = folder.assetcatalog; path = Assets.xcassets; sourceTree = "<group>"; };
		37890F54299F824B002FB3AA /* Base */ = {isa = PBXFileReference; lastKnownFileType = file.storyboard; name = Base; path = Base.lproj/LaunchScreen.storyboard; sourceTree = "<group>"; };
		37890F56299F824B002FB3AA /* Info.plist */ = {isa = PBXFileReference; lastKnownFileType = text.plist.xml; path = Info.plist; sourceTree = "<group>"; };
		37890F5C299F8408002FB3AA /* WeatherViewController.swift */ = {isa = PBXFileReference; lastKnownFileType = sourcecode.swift; path = WeatherViewController.swift; sourceTree = "<group>"; };
		37890F66299FBD03002FB3AA /* WeatherView.swift */ = {isa = PBXFileReference; lastKnownFileType = sourcecode.swift; path = WeatherView.swift; sourceTree = "<group>"; };
		37890F68299FBD1E002FB3AA /* WeatherPresenter.swift */ = {isa = PBXFileReference; lastKnownFileType = sourcecode.swift; path = WeatherPresenter.swift; sourceTree = "<group>"; };
		37890F6A299FBD29002FB3AA /* DefaultWeatherModel.swift */ = {isa = PBXFileReference; lastKnownFileType = sourcecode.swift; path = DefaultWeatherModel.swift; sourceTree = "<group>"; };
		37890F6C299FBDBB002FB3AA /* LocationManager.swift */ = {isa = PBXFileReference; lastKnownFileType = sourcecode.swift; path = LocationManager.swift; sourceTree = "<group>"; };
		37890F70299FBF2C002FB3AA /* FactoryManager.swift */ = {isa = PBXFileReference; lastKnownFileType = sourcecode.swift; path = FactoryManager.swift; sourceTree = "<group>"; };
		37890F75299FC783002FB3AA /* RequestRouter.swift */ = {isa = PBXFileReference; lastKnownFileType = sourcecode.swift; path = RequestRouter.swift; sourceTree = "<group>"; };
		37890F7A299FC96D002FB3AA /* WeatherRequestRouter.swift */ = {isa = PBXFileReference; lastKnownFileType = sourcecode.swift; path = WeatherRequestRouter.swift; sourceTree = "<group>"; };
		37890F7C299FCB88002FB3AA /* Constants.swift */ = {isa = PBXFileReference; lastKnownFileType = sourcecode.swift; path = Constants.swift; sourceTree = "<group>"; };
		37890F7E299FCE05002FB3AA /* RequestFactoryManager.swift */ = {isa = PBXFileReference; lastKnownFileType = sourcecode.swift; path = RequestFactoryManager.swift; sourceTree = "<group>"; };
		37890F81299FCE43002FB3AA /* WeatherRequestFactory.swift */ = {isa = PBXFileReference; lastKnownFileType = sourcecode.swift; path = WeatherRequestFactory.swift; sourceTree = "<group>"; };
		37890F83299FCF02002FB3AA /* WeatherResponseModel.swift */ = {isa = PBXFileReference; lastKnownFileType = sourcecode.swift; path = WeatherResponseModel.swift; sourceTree = "<group>"; };
		37890F8829A00126002FB3AA /* WeatherModel.swift */ = {isa = PBXFileReference; lastKnownFileType = sourcecode.swift; path = WeatherModel.swift; sourceTree = "<group>"; };
		37890F9429A029AA002FB3AA /* DateFormatterManager.swift */ = {isa = PBXFileReference; lastKnownFileType = sourcecode.swift; path = DateFormatterManager.swift; sourceTree = "<group>"; };
		37890F9629A1636C002FB3AA /* Color.swift */ = {isa = PBXFileReference; lastKnownFileType = sourcecode.swift; path = Color.swift; sourceTree = "<group>"; };
		37890F9B29A17E62002FB3AA /* CollectionViewLayout.swift */ = {isa = PBXFileReference; lastKnownFileType = sourcecode.swift; path = CollectionViewLayout.swift; sourceTree = "<group>"; };
		37890F9D29A17EAB002FB3AA /* SmallerWeatherCollectionViewCell.swift */ = {isa = PBXFileReference; lastKnownFileType = sourcecode.swift; path = SmallerWeatherCollectionViewCell.swift; sourceTree = "<group>"; };
/* End PBXFileReference section */

/* Begin PBXFrameworksBuildPhase section */
		37890F3F299F8249002FB3AA /* Frameworks */ = {
			isa = PBXFrameworksBuildPhase;
			buildActionMask = 2147483647;
			files = (
				37890F79299FC875002FB3AA /* Alamofire in Frameworks */,
				37890F87299FFF61002FB3AA /* SnapKit in Frameworks */,
			);
			runOnlyForDeploymentPostprocessing = 0;
		};
/* End PBXFrameworksBuildPhase section */

/* Begin PBXGroup section */
		37890F39299F8249002FB3AA = {
			isa = PBXGroup;
			children = (
				37890F44299F8249002FB3AA /* WeatherApp */,
				37890F43299F8249002FB3AA /* Products */,
			);
			sourceTree = "<group>";
		};
		37890F43299F8249002FB3AA /* Products */ = {
			isa = PBXGroup;
			children = (
				37890F42299F8249002FB3AA /* WeatherApp.app */,
			);
			name = Products;
			sourceTree = "<group>";
		};
		37890F44299F8249002FB3AA /* WeatherApp */ = {
			isa = PBXGroup;
			children = (
				37890F9829A16372002FB3AA /* Extensions */,
				37890F61299FBC15002FB3AA /* Screens */,
				37890F60299F8584002FB3AA /* Managers */,
				37890F5F299F8558002FB3AA /* Resources */,
				37890F5E299F8531002FB3AA /* Core */,
				37890F53299F824B002FB3AA /* LaunchScreen.storyboard */,
				37890F56299F824B002FB3AA /* Info.plist */,
			);
			path = WeatherApp;
			sourceTree = "<group>";
		};
		37890F5E299F8531002FB3AA /* Core */ = {
			isa = PBXGroup;
			children = (
				37890F7C299FCB88002FB3AA /* Constants.swift */,
				37890F45299F8249002FB3AA /* AppDelegate.swift */,
				37890F47299F8249002FB3AA /* SceneDelegate.swift */,
			);
			path = Core;
			sourceTree = "<group>";
		};
		37890F5F299F8558002FB3AA /* Resources */ = {
			isa = PBXGroup;
			children = (
				37890F51299F824B002FB3AA /* Assets.xcassets */,
			);
			path = Resources;
			sourceTree = "<group>";
		};
		37890F60299F8584002FB3AA /* Managers */ = {
			isa = PBXGroup;
			children = (
				37890F9F29A180EB002FB3AA /* UI */,
				37890F9329A029A1002FB3AA /* DateFormatterManager */,
				37890F72299FC656002FB3AA /* APIManager */,
				37890F6F299FBF18002FB3AA /* FactoryManager */,
				37890F6E299FBF0B002FB3AA /* LocationManager */,
			);
			path = Managers;
			sourceTree = "<group>";
		};
		37890F61299FBC15002FB3AA /* Screens */ = {
			isa = PBXGroup;
			children = (
				37890F62299FBC32002FB3AA /* Weather screen */,
			);
			path = Screens;
			sourceTree = "<group>";
		};
		37890F62299FBC32002FB3AA /* Weather screen */ = {
			isa = PBXGroup;
			children = (
				37890F65299FBC54002FB3AA /* Presenter */,
				37890F64299FBC4B002FB3AA /* View */,
				37890F63299FBC44002FB3AA /* Model */,
			);
			path = "Weather screen";
			sourceTree = "<group>";
		};
		37890F63299FBC44002FB3AA /* Model */ = {
			isa = PBXGroup;
			children = (
				37890F6A299FBD29002FB3AA /* DefaultWeatherModel.swift */,
				37890F8829A00126002FB3AA /* WeatherModel.swift */,
			);
			path = Model;
			sourceTree = "<group>";
		};
		37890F64299FBC4B002FB3AA /* View */ = {
			isa = PBXGroup;
			children = (
				37890F8C29A01B61002FB3AA /* Cells */,
				37890F5C299F8408002FB3AA /* WeatherViewController.swift */,
				37890F66299FBD03002FB3AA /* WeatherView.swift */,
			);
			path = View;
			sourceTree = "<group>";
		};
		37890F65299FBC54002FB3AA /* Presenter */ = {
			isa = PBXGroup;
			children = (
				37890F68299FBD1E002FB3AA /* WeatherPresenter.swift */,
			);
			path = Presenter;
			sourceTree = "<group>";
		};
		37890F6E299FBF0B002FB3AA /* LocationManager */ = {
			isa = PBXGroup;
			children = (
				37890F6C299FBDBB002FB3AA /* LocationManager.swift */,
			);
			path = LocationManager;
			sourceTree = "<group>";
		};
		37890F6F299FBF18002FB3AA /* FactoryManager */ = {
			isa = PBXGroup;
			children = (
				37890F70299FBF2C002FB3AA /* FactoryManager.swift */,
			);
			path = FactoryManager;
			sourceTree = "<group>";
		};
		37890F72299FC656002FB3AA /* APIManager */ = {
			isa = PBXGroup;
			children = (
				37890F7A299FC96D002FB3AA /* WeatherRequestRouter.swift */,
				37890F81299FCE43002FB3AA /* WeatherRequestFactory.swift */,
				37890F83299FCF02002FB3AA /* WeatherResponseModel.swift */,
				37890F7E299FCE05002FB3AA /* RequestFactoryManager.swift */,
				37890F75299FC783002FB3AA /* RequestRouter.swift */,
			);
			path = APIManager;
			sourceTree = "<group>";
		};
		37890F8C29A01B61002FB3AA /* Cells */ = {
			isa = PBXGroup;
			children = (
				37890F9D29A17EAB002FB3AA /* SmallerWeatherCollectionViewCell.swift */,
			);
			path = Cells;
			sourceTree = "<group>";
		};
		37890F9329A029A1002FB3AA /* DateFormatterManager */ = {
			isa = PBXGroup;
			children = (
				37890F9429A029AA002FB3AA /* DateFormatterManager.swift */,
			);
			path = DateFormatterManager;
			sourceTree = "<group>";
		};
		37890F9829A16372002FB3AA /* Extensions */ = {
			isa = PBXGroup;
			children = (
				37890F9929A1637A002FB3AA /* UI */,
			);
			path = Extensions;
			sourceTree = "<group>";
		};
		37890F9929A1637A002FB3AA /* UI */ = {
			isa = PBXGroup;
			children = (
				37890F9629A1636C002FB3AA /* Color.swift */,
			);
			path = UI;
			sourceTree = "<group>";
		};
		37890F9A29A17E5A002FB3AA /* CollectionViewLayout */ = {
			isa = PBXGroup;
			children = (
				37890F9B29A17E62002FB3AA /* CollectionViewLayout.swift */,
			);
			path = CollectionViewLayout;
			sourceTree = "<group>";
		};
		37890F9F29A180EB002FB3AA /* UI */ = {
			isa = PBXGroup;
			children = (
				37890F9A29A17E5A002FB3AA /* CollectionViewLayout */,
			);
			path = UI;
			sourceTree = "<group>";
		};
/* End PBXGroup section */

/* Begin PBXNativeTarget section */
		37890F41299F8249002FB3AA /* WeatherApp */ = {
			isa = PBXNativeTarget;
			buildConfigurationList = 37890F59299F824B002FB3AA /* Build configuration list for PBXNativeTarget "WeatherApp" */;
			buildPhases = (
				37890F3E299F8249002FB3AA /* Sources */,
				37890F3F299F8249002FB3AA /* Frameworks */,
				37890F40299F8249002FB3AA /* Resources */,
			);
			buildRules = (
			);
			dependencies = (
			);
			name = WeatherApp;
			packageProductDependencies = (
				37890F78299FC875002FB3AA /* Alamofire */,
				37890F86299FFF61002FB3AA /* SnapKit */,
			);
			productName = WeatherApp;
			productReference = 37890F42299F8249002FB3AA /* WeatherApp.app */;
			productType = "com.apple.product-type.application";
		};
/* End PBXNativeTarget section */

/* Begin PBXProject section */
		37890F3A299F8249002FB3AA /* Project object */ = {
			isa = PBXProject;
			attributes = {
				BuildIndependentTargetsInParallel = 1;
				LastSwiftUpdateCheck = 1420;
				LastUpgradeCheck = 1420;
				TargetAttributes = {
					37890F41299F8249002FB3AA = {
						CreatedOnToolsVersion = 14.2;
					};
				};
			};
			buildConfigurationList = 37890F3D299F8249002FB3AA /* Build configuration list for PBXProject "WeatherApp" */;
			compatibilityVersion = "Xcode 14.0";
			developmentRegion = en;
			hasScannedForEncodings = 0;
			knownRegions = (
				en,
				Base,
			);
			mainGroup = 37890F39299F8249002FB3AA;
			packageReferences = (
				37890F77299FC875002FB3AA /* XCRemoteSwiftPackageReference "Alamofire" */,
				37890F85299FFF61002FB3AA /* XCRemoteSwiftPackageReference "SnapKit" */,
			);
			productRefGroup = 37890F43299F8249002FB3AA /* Products */;
			projectDirPath = "";
			projectRoot = "";
			targets = (
				37890F41299F8249002FB3AA /* WeatherApp */,
			);
		};
/* End PBXProject section */

/* Begin PBXResourcesBuildPhase section */
		37890F40299F8249002FB3AA /* Resources */ = {
			isa = PBXResourcesBuildPhase;
			buildActionMask = 2147483647;
			files = (
				37890F55299F824B002FB3AA /* LaunchScreen.storyboard in Resources */,
				37890F52299F824B002FB3AA /* Assets.xcassets in Resources */,
			);
			runOnlyForDeploymentPostprocessing = 0;
		};
/* End PBXResourcesBuildPhase section */

/* Begin PBXSourcesBuildPhase section */
		37890F3E299F8249002FB3AA /* Sources */ = {
			isa = PBXSourcesBuildPhase;
			buildActionMask = 2147483647;
			files = (
				37890F82299FCE43002FB3AA /* WeatherRequestFactory.swift in Sources */,
				37890F69299FBD1E002FB3AA /* WeatherPresenter.swift in Sources */,
				37890F71299FBF2C002FB3AA /* FactoryManager.swift in Sources */,
				37890F7F299FCE05002FB3AA /* RequestFactoryManager.swift in Sources */,
				37890F8929A00126002FB3AA /* WeatherModel.swift in Sources */,
				37890F46299F8249002FB3AA /* AppDelegate.swift in Sources */,
				37890F9C29A17E63002FB3AA /* CollectionViewLayout.swift in Sources */,
				37890F6B299FBD29002FB3AA /* DefaultWeatherModel.swift in Sources */,
				37890F76299FC783002FB3AA /* RequestRouter.swift in Sources */,
				37890F7B299FC96D002FB3AA /* WeatherRequestRouter.swift in Sources */,
				37890F7D299FCB88002FB3AA /* Constants.swift in Sources */,
				37890F9529A029AA002FB3AA /* DateFormatterManager.swift in Sources */,
				37890F6D299FBDBB002FB3AA /* LocationManager.swift in Sources */,
				37890F5D299F8408002FB3AA /* WeatherViewController.swift in Sources */,
				37890F48299F8249002FB3AA /* SceneDelegate.swift in Sources */,
				37890F84299FCF03002FB3AA /* WeatherResponseModel.swift in Sources */,
				37890F67299FBD03002FB3AA /* WeatherView.swift in Sources */,
				37890F9729A1636C002FB3AA /* Color.swift in Sources */,
				37890F9E29A17EAB002FB3AA /* SmallerWeatherCollectionViewCell.swift in Sources */,
			);
			runOnlyForDeploymentPostprocessing = 0;
		};
/* End PBXSourcesBuildPhase section */

/* Begin PBXVariantGroup section */
		37890F53299F824B002FB3AA /* LaunchScreen.storyboard */ = {
			isa = PBXVariantGroup;
			children = (
				37890F54299F824B002FB3AA /* Base */,
			);
			name = LaunchScreen.storyboard;
			sourceTree = "<group>";
		};
/* End PBXVariantGroup section */

/* Begin XCBuildConfiguration section */
		37890F57299F824B002FB3AA /* Debug */ = {
			isa = XCBuildConfiguration;
			buildSettings = {
				ALWAYS_SEARCH_USER_PATHS = NO;
				CLANG_ANALYZER_LOCALIZABILITY_NONLOCALIZED = YES;
				CLANG_ANALYZER_NONNULL = YES;
				CLANG_ANALYZER_NUMBER_OBJECT_CONVERSION = YES_AGGRESSIVE;
				CLANG_CXX_LANGUAGE_STANDARD = "gnu++20";
				CLANG_ENABLE_MODULES = YES;
				CLANG_ENABLE_OBJC_ARC = YES;
				CLANG_ENABLE_OBJC_WEAK = YES;
				CLANG_WARN_BLOCK_CAPTURE_AUTORELEASING = YES;
				CLANG_WARN_BOOL_CONVERSION = YES;
				CLANG_WARN_COMMA = YES;
				CLANG_WARN_CONSTANT_CONVERSION = YES;
				CLANG_WARN_DEPRECATED_OBJC_IMPLEMENTATIONS = YES;
				CLANG_WARN_DIRECT_OBJC_ISA_USAGE = YES_ERROR;
				CLANG_WARN_DOCUMENTATION_COMMENTS = YES;
				CLANG_WARN_EMPTY_BODY = YES;
				CLANG_WARN_ENUM_CONVERSION = YES;
				CLANG_WARN_INFINITE_RECURSION = YES;
				CLANG_WARN_INT_CONVERSION = YES;
				CLANG_WARN_NON_LITERAL_NULL_CONVERSION = YES;
				CLANG_WARN_OBJC_IMPLICIT_RETAIN_SELF = YES;
				CLANG_WARN_OBJC_LITERAL_CONVERSION = YES;
				CLANG_WARN_OBJC_ROOT_CLASS = YES_ERROR;
				CLANG_WARN_QUOTED_INCLUDE_IN_FRAMEWORK_HEADER = YES;
				CLANG_WARN_RANGE_LOOP_ANALYSIS = YES;
				CLANG_WARN_STRICT_PROTOTYPES = YES;
				CLANG_WARN_SUSPICIOUS_MOVE = YES;
				CLANG_WARN_UNGUARDED_AVAILABILITY = YES_AGGRESSIVE;
				CLANG_WARN_UNREACHABLE_CODE = YES;
				CLANG_WARN__DUPLICATE_METHOD_MATCH = YES;
				COPY_PHASE_STRIP = NO;
				DEBUG_INFORMATION_FORMAT = dwarf;
				ENABLE_STRICT_OBJC_MSGSEND = YES;
				ENABLE_TESTABILITY = YES;
				GCC_C_LANGUAGE_STANDARD = gnu11;
				GCC_DYNAMIC_NO_PIC = NO;
				GCC_NO_COMMON_BLOCKS = YES;
				GCC_OPTIMIZATION_LEVEL = 0;
				GCC_PREPROCESSOR_DEFINITIONS = (
					"DEBUG=1",
					"$(inherited)",
				);
				GCC_WARN_64_TO_32_BIT_CONVERSION = YES;
				GCC_WARN_ABOUT_RETURN_TYPE = YES_ERROR;
				GCC_WARN_UNDECLARED_SELECTOR = YES;
				GCC_WARN_UNINITIALIZED_AUTOS = YES_AGGRESSIVE;
				GCC_WARN_UNUSED_FUNCTION = YES;
				GCC_WARN_UNUSED_VARIABLE = YES;
				IPHONEOS_DEPLOYMENT_TARGET = 16.2;
				MTL_ENABLE_DEBUG_INFO = INCLUDE_SOURCE;
				MTL_FAST_MATH = YES;
				ONLY_ACTIVE_ARCH = YES;
				SDKROOT = iphoneos;
				SWIFT_ACTIVE_COMPILATION_CONDITIONS = DEBUG;
				SWIFT_OPTIMIZATION_LEVEL = "-Onone";
			};
			name = Debug;
		};
		37890F58299F824B002FB3AA /* Release */ = {
			isa = XCBuildConfiguration;
			buildSettings = {
				ALWAYS_SEARCH_USER_PATHS = NO;
				CLANG_ANALYZER_LOCALIZABILITY_NONLOCALIZED = YES;
				CLANG_ANALYZER_NONNULL = YES;
				CLANG_ANALYZER_NUMBER_OBJECT_CONVERSION = YES_AGGRESSIVE;
				CLANG_CXX_LANGUAGE_STANDARD = "gnu++20";
				CLANG_ENABLE_MODULES = YES;
				CLANG_ENABLE_OBJC_ARC = YES;
				CLANG_ENABLE_OBJC_WEAK = YES;
				CLANG_WARN_BLOCK_CAPTURE_AUTORELEASING = YES;
				CLANG_WARN_BOOL_CONVERSION = YES;
				CLANG_WARN_COMMA = YES;
				CLANG_WARN_CONSTANT_CONVERSION = YES;
				CLANG_WARN_DEPRECATED_OBJC_IMPLEMENTATIONS = YES;
				CLANG_WARN_DIRECT_OBJC_ISA_USAGE = YES_ERROR;
				CLANG_WARN_DOCUMENTATION_COMMENTS = YES;
				CLANG_WARN_EMPTY_BODY = YES;
				CLANG_WARN_ENUM_CONVERSION = YES;
				CLANG_WARN_INFINITE_RECURSION = YES;
				CLANG_WARN_INT_CONVERSION = YES;
				CLANG_WARN_NON_LITERAL_NULL_CONVERSION = YES;
				CLANG_WARN_OBJC_IMPLICIT_RETAIN_SELF = YES;
				CLANG_WARN_OBJC_LITERAL_CONVERSION = YES;
				CLANG_WARN_OBJC_ROOT_CLASS = YES_ERROR;
				CLANG_WARN_QUOTED_INCLUDE_IN_FRAMEWORK_HEADER = YES;
				CLANG_WARN_RANGE_LOOP_ANALYSIS = YES;
				CLANG_WARN_STRICT_PROTOTYPES = YES;
				CLANG_WARN_SUSPICIOUS_MOVE = YES;
				CLANG_WARN_UNGUARDED_AVAILABILITY = YES_AGGRESSIVE;
				CLANG_WARN_UNREACHABLE_CODE = YES;
				CLANG_WARN__DUPLICATE_METHOD_MATCH = YES;
				COPY_PHASE_STRIP = NO;
				DEBUG_INFORMATION_FORMAT = "dwarf-with-dsym";
				ENABLE_NS_ASSERTIONS = NO;
				ENABLE_STRICT_OBJC_MSGSEND = YES;
				GCC_C_LANGUAGE_STANDARD = gnu11;
				GCC_NO_COMMON_BLOCKS = YES;
				GCC_WARN_64_TO_32_BIT_CONVERSION = YES;
				GCC_WARN_ABOUT_RETURN_TYPE = YES_ERROR;
				GCC_WARN_UNDECLARED_SELECTOR = YES;
				GCC_WARN_UNINITIALIZED_AUTOS = YES_AGGRESSIVE;
				GCC_WARN_UNUSED_FUNCTION = YES;
				GCC_WARN_UNUSED_VARIABLE = YES;
				IPHONEOS_DEPLOYMENT_TARGET = 16.2;
				MTL_ENABLE_DEBUG_INFO = NO;
				MTL_FAST_MATH = YES;
				SDKROOT = iphoneos;
				SWIFT_COMPILATION_MODE = wholemodule;
				SWIFT_OPTIMIZATION_LEVEL = "-O";
				VALIDATE_PRODUCT = YES;
			};
			name = Release;
		};
		37890F5A299F824B002FB3AA /* Debug */ = {
			isa = XCBuildConfiguration;
			buildSettings = {
				ASSETCATALOG_COMPILER_APPICON_NAME = AppIcon;
				ASSETCATALOG_COMPILER_GLOBAL_ACCENT_COLOR_NAME = AccentColor;
				CODE_SIGN_STYLE = Automatic;
				CURRENT_PROJECT_VERSION = 1;
				DEVELOPMENT_TEAM = 6Q85S3QB33;
				GENERATE_INFOPLIST_FILE = YES;
				INFOPLIST_FILE = WeatherApp/Info.plist;
				INFOPLIST_KEY_NSLocationWhenInUseUsageDescription = " ";
				INFOPLIST_KEY_UIApplicationSupportsIndirectInputEvents = YES;
				INFOPLIST_KEY_UILaunchStoryboardName = LaunchScreen;
				INFOPLIST_KEY_UISupportedInterfaceOrientations_iPad = "UIInterfaceOrientationPortrait UIInterfaceOrientationPortraitUpsideDown UIInterfaceOrientationLandscapeLeft UIInterfaceOrientationLandscapeRight";
				INFOPLIST_KEY_UISupportedInterfaceOrientations_iPhone = "UIInterfaceOrientationPortrait UIInterfaceOrientationLandscapeLeft UIInterfaceOrientationLandscapeRight";
				IPHONEOS_DEPLOYMENT_TARGET = 16.0;
				LD_RUNPATH_SEARCH_PATHS = (
					"$(inherited)",
					"@executable_path/Frameworks",
				);
				MARKETING_VERSION = 1.0;
				PRODUCT_BUNDLE_IDENTIFIER = polina.belovodskaya.WeatherApp;
				PRODUCT_NAME = "$(TARGET_NAME)";
				SUPPORTED_PLATFORMS = "iphoneos iphonesimulator";
				SUPPORTS_MACCATALYST = NO;
				SUPPORTS_MAC_DESIGNED_FOR_IPHONE_IPAD = NO;
				SWIFT_EMIT_LOC_STRINGS = YES;
				SWIFT_VERSION = 5.0;
				TARGETED_DEVICE_FAMILY = 1;
			};
			name = Debug;
		};
		37890F5B299F824B002FB3AA /* Release */ = {
			isa = XCBuildConfiguration;
			buildSettings = {
				ASSETCATALOG_COMPILER_APPICON_NAME = AppIcon;
				ASSETCATALOG_COMPILER_GLOBAL_ACCENT_COLOR_NAME = AccentColor;
				CODE_SIGN_STYLE = Automatic;
				CURRENT_PROJECT_VERSION = 1;
				DEVELOPMENT_TEAM = 6Q85S3QB33;
				GENERATE_INFOPLIST_FILE = YES;
				INFOPLIST_FILE = WeatherApp/Info.plist;
				INFOPLIST_KEY_NSLocationWhenInUseUsageDescription = " ";
				INFOPLIST_KEY_UIApplicationSupportsIndirectInputEvents = YES;
				INFOPLIST_KEY_UILaunchStoryboardName = LaunchScreen;
				INFOPLIST_KEY_UISupportedInterfaceOrientations_iPad = "UIInterfaceOrientationPortrait UIInterfaceOrientationPortraitUpsideDown UIInterfaceOrientationLandscapeLeft UIInterfaceOrientationLandscapeRight";
				INFOPLIST_KEY_UISupportedInterfaceOrientations_iPhone = "UIInterfaceOrientationPortrait UIInterfaceOrientationLandscapeLeft UIInterfaceOrientationLandscapeRight";
				IPHONEOS_DEPLOYMENT_TARGET = 16.0;
				LD_RUNPATH_SEARCH_PATHS = (
					"$(inherited)",
					"@executable_path/Frameworks",
				);
				MARKETING_VERSION = 1.0;
				PRODUCT_BUNDLE_IDENTIFIER = polina.belovodskaya.WeatherApp;
				PRODUCT_NAME = "$(TARGET_NAME)";
				SUPPORTED_PLATFORMS = "iphoneos iphonesimulator";
				SUPPORTS_MACCATALYST = NO;
				SUPPORTS_MAC_DESIGNED_FOR_IPHONE_IPAD = NO;
				SWIFT_EMIT_LOC_STRINGS = YES;
				SWIFT_VERSION = 5.0;
				TARGETED_DEVICE_FAMILY = 1;
			};
			name = Release;
		};
/* End XCBuildConfiguration section */

/* Begin XCConfigurationList section */
		37890F3D299F8249002FB3AA /* Build configuration list for PBXProject "WeatherApp" */ = {
			isa = XCConfigurationList;
			buildConfigurations = (
				37890F57299F824B002FB3AA /* Debug */,
				37890F58299F824B002FB3AA /* Release */,
			);
			defaultConfigurationIsVisible = 0;
			defaultConfigurationName = Release;
		};
		37890F59299F824B002FB3AA /* Build configuration list for PBXNativeTarget "WeatherApp" */ = {
			isa = XCConfigurationList;
			buildConfigurations = (
				37890F5A299F824B002FB3AA /* Debug */,
				37890F5B299F824B002FB3AA /* Release */,
			);
			defaultConfigurationIsVisible = 0;
			defaultConfigurationName = Release;
		};
/* End XCConfigurationList section */

/* Begin XCRemoteSwiftPackageReference section */
		37890F77299FC875002FB3AA /* XCRemoteSwiftPackageReference "Alamofire" */ = {
			isa = XCRemoteSwiftPackageReference;
			repositoryURL = "https://github.com/Alamofire/Alamofire";
			requirement = {
				kind = upToNextMajorVersion;
				minimumVersion = 5.0.0;
			};
		};
		37890F85299FFF61002FB3AA /* XCRemoteSwiftPackageReference "SnapKit" */ = {
			isa = XCRemoteSwiftPackageReference;
			repositoryURL = "https://github.com/SnapKit/SnapKit";
			requirement = {
				kind = upToNextMajorVersion;
				minimumVersion = 5.0.0;
			};
		};
/* End XCRemoteSwiftPackageReference section */

/* Begin XCSwiftPackageProductDependency section */
		37890F78299FC875002FB3AA /* Alamofire */ = {
			isa = XCSwiftPackageProductDependency;
			package = 37890F77299FC875002FB3AA /* XCRemoteSwiftPackageReference "Alamofire" */;
			productName = Alamofire;
		};
		37890F86299FFF61002FB3AA /* SnapKit */ = {
			isa = XCSwiftPackageProductDependency;
			package = 37890F85299FFF61002FB3AA /* XCRemoteSwiftPackageReference "SnapKit" */;
			productName = SnapKit;
		};
/* End XCSwiftPackageProductDependency section */
	};
	rootObject = 37890F3A299F8249002FB3AA /* Project object */;
}
